{
    "_readme": [
        "This file locks the dependencies of your project to a known state",
        "Read more about it at http://getcomposer.org/doc/01-basic-usage.md#composer-lock-the-lock-file"
    ],
    "hash": "0147473751b895f221e765fd6fb1fc2b",
    "packages": [
        {
            "name": "m6w6/autocracy",
            "version": "dev-master",
            "source": {
                "type": "git",
                "url": "https://github.com/m6w6/autocracy.git",
                "reference": "b6830cfce3dc276bf67288a7c6bfe64ffd290e21"
            },
            "dist": {
                "type": "zip",
                "url": "https://api.github.com/repos/m6w6/autocracy/zipball/b6830cfce3dc276bf67288a7c6bfe64ffd290e21",
                "reference": "b6830cfce3dc276bf67288a7c6bfe64ffd290e21",
                "shasum": ""
            },
            "type": "library",
            "autoload": {
                "psr-0": {
                    "http\\Controller": "lib"
                }
            },
            "notification-url": "https://packagist.org/downloads/",
            "license": [
                "BSD-2-Clause"
            ],
            "authors": [
                {
                    "name": "Michael Wallner",
                    "email": "mike@php.net"
                }
            ],
            "description": "http\\Controller preserves your autocracy",
            "homepage": "http://github.com/m6w6/autocracy",
            "keywords": [
                "controller",
                "http",
                "pecl",
                "pecl_http"
            ],
            "time": "2013-10-22 11:41:09"
        }
    ],
    "packages-dev": [

    ],
    "aliases": [

    ],
    "minimum-stability": "stable",
    "stability-flags": {
        "m6w6/autocracy": 20
    },
    "platform": [

    ],
    "platform-dev": [

    ]
}
